
Microsoft Visual Studio Solution File, Format Version 12.00
# Visual Studio Version 16
VisualStudioVersion = 16.0.29613.14
MinimumVisualStudioVersion = 10.0.40219.1
Project("{FAE04EC0-301F-11D3-BF4B-00C04F79EFBC}") = "Wpf6VARIANTZARUBIN", "Wpf6VARIANTZARUBIN.csproj", "{36685AD6-AFC7-4A70-8819-9660DFFE0D80}"
EndProject
Global
	GlobalSection(SolutionConfigurationPlatforms) = preSolution
		Debug|Any CPU = Debug|Any CPU
		Release|Any CPU = Release|Any CPU
	EndGlobalSection
	GlobalSection(ProjectConfigurationPlatforms) = postSolution
		{36685AD6-AFC7-4A70-8819-9660DFFE0D80}.Debug|Any CPU.ActiveCfg = Debug|Any CPU
		{36685AD6-AFC7-4A70-8819-9660DFFE0D80}.Debug|Any CPU.Build.0 = Debug|Any CPU
		{36685AD6-AFC7-4A70-8819-9660DFFE0D80}.Release|Any CPU.ActiveCfg = Release|Any CPU
		{36685AD6-AFC7-4A70-8819-9660DFFE0D80}.Release|Any CPU.Build.0 = Release|Any CPU
	EndGlobalSection
	GlobalSection(SolutionProperties) = preSolution
		HideSolutionNode = FALSE
	EndGlobalSection
	GlobalSection(ExtensibilityGlobals) = postSolution
		SolutionGuid = {22914FFE-17A9-404B-9A01-20F92E0EE5AD}
	EndGlobalSection
EndGlobal
